// !$*UTF8*$!
{
	archiveVersion = 1;
	classes = {
	};
	objectVersion = 55;
	objects = {

/* Begin PBXBuildFile section */
		872BF33F274CD332000519A4 /* NetworkNewsManager.swift in Sources */ = {isa = PBXBuildFile; fileRef = 872BF33E274CD332000519A4 /* NetworkNewsManager.swift */; };
		872BF343274CD617000519A4 /* News.swift in Sources */ = {isa = PBXBuildFile; fileRef = 872BF342274CD617000519A4 /* News.swift */; };
		872BF346274CDA3E000519A4 /* Alamofire in Frameworks */ = {isa = PBXBuildFile; productRef = 872BF345274CDA3E000519A4 /* Alamofire */; };
		87302D9C274C93D500050168 /* AppDelegate.swift in Sources */ = {isa = PBXBuildFile; fileRef = 87302D9B274C93D500050168 /* AppDelegate.swift */; };
		87302D9E274C93D500050168 /* SceneDelegate.swift in Sources */ = {isa = PBXBuildFile; fileRef = 87302D9D274C93D500050168 /* SceneDelegate.swift */; };
		87302DA5274C93D600050168 /* Assets.xcassets in Resources */ = {isa = PBXBuildFile; fileRef = 87302DA4274C93D600050168 /* Assets.xcassets */; };
		87302DA8274C93D600050168 /* LaunchScreen.storyboard in Resources */ = {isa = PBXBuildFile; fileRef = 87302DA6274C93D600050168 /* LaunchScreen.storyboard */; };
		87302DB7274C94CD00050168 /* CollectionPresenter.swift in Sources */ = {isa = PBXBuildFile; fileRef = 87302DB2274C94CD00050168 /* CollectionPresenter.swift */; };
		87302DB8274C94CD00050168 /* CollectionRouter.swift in Sources */ = {isa = PBXBuildFile; fileRef = 87302DB3274C94CD00050168 /* CollectionRouter.swift */; };
		87302DB9274C94CD00050168 /* CollectionViewController.swift in Sources */ = {isa = PBXBuildFile; fileRef = 87302DB4274C94CD00050168 /* CollectionViewController.swift */; };
		87302DBA274C94CD00050168 /* CollectionInteractor.swift in Sources */ = {isa = PBXBuildFile; fileRef = 87302DB5274C94CD00050168 /* CollectionInteractor.swift */; };
		87302DBB274C94CD00050168 /* CollectionConfigurator.swift in Sources */ = {isa = PBXBuildFile; fileRef = 87302DB6274C94CD00050168 /* CollectionConfigurator.swift */; };
		87302DBE274CA65700050168 /* CollectionViewCell.swift in Sources */ = {isa = PBXBuildFile; fileRef = 87302DBD274CA65700050168 /* CollectionViewCell.swift */; };
		87302DC1274CA78700050168 /* SnapKit in Frameworks */ = {isa = PBXBuildFile; productRef = 87302DC0274CA78700050168 /* SnapKit */; };
		87302DC4274CB02700050168 /* Section.swift in Sources */ = {isa = PBXBuildFile; fileRef = 87302DC3274CB02700050168 /* Section.swift */; };
		87302DC6274CB0DD00050168 /* Cell.swift in Sources */ = {isa = PBXBuildFile; fileRef = 87302DC5274CB0DD00050168 /* Cell.swift */; };
		8787DAB6274DF5DD004DE4F8 /* Kingfisher in Frameworks */ = {isa = PBXBuildFile; productRef = 8787DAB5274DF5DD004DE4F8 /* Kingfisher */; };
		8787DAB9274DF62D004DE4F8 /* UIImageView + extensions.swift in Sources */ = {isa = PBXBuildFile; fileRef = 8787DAB8274DF62D004DE4F8 /* UIImageView + extensions.swift */; };
		8787DAC0274E0AA8004DE4F8 /* CollectionItemPresenter.swift in Sources */ = {isa = PBXBuildFile; fileRef = 8787DABB274E0AA8004DE4F8 /* CollectionItemPresenter.swift */; };
		8787DAC1274E0AA8004DE4F8 /* CollectionItemRouter.swift in Sources */ = {isa = PBXBuildFile; fileRef = 8787DABC274E0AA8004DE4F8 /* CollectionItemRouter.swift */; };
		8787DAC2274E0AA8004DE4F8 /* CollectionItemViewController.swift in Sources */ = {isa = PBXBuildFile; fileRef = 8787DABD274E0AA8004DE4F8 /* CollectionItemViewController.swift */; };
		8787DAC3274E0AA8004DE4F8 /* CollectionItemInteractor.swift in Sources */ = {isa = PBXBuildFile; fileRef = 8787DABE274E0AA8004DE4F8 /* CollectionItemInteractor.swift */; };
		8787DAC4274E0AA8004DE4F8 /* CollectionItemConfigurator.swift in Sources */ = {isa = PBXBuildFile; fileRef = 8787DABF274E0AA8004DE4F8 /* CollectionItemConfigurator.swift */; };
/* End PBXBuildFile section */

/* Begin PBXFileReference section */
		872BF33E274CD332000519A4 /* NetworkNewsManager.swift */ = {isa = PBXFileReference; lastKnownFileType = sourcecode.swift; path = NetworkNewsManager.swift; sourceTree = "<group>"; };
		872BF342274CD617000519A4 /* News.swift */ = {isa = PBXFileReference; lastKnownFileType = sourcecode.swift; path = News.swift; sourceTree = "<group>"; };
		87302D98274C93D500050168 /* CollectionView.app */ = {isa = PBXFileReference; explicitFileType = wrapper.application; includeInIndex = 0; path = CollectionView.app; sourceTree = BUILT_PRODUCTS_DIR; };
		87302D9B274C93D500050168 /* AppDelegate.swift */ = {isa = PBXFileReference; lastKnownFileType = sourcecode.swift; path = AppDelegate.swift; sourceTree = "<group>"; };
		87302D9D274C93D500050168 /* SceneDelegate.swift */ = {isa = PBXFileReference; lastKnownFileType = sourcecode.swift; path = SceneDelegate.swift; sourceTree = "<group>"; };
		87302DA4274C93D600050168 /* Assets.xcassets */ = {isa = PBXFileReference; lastKnownFileType = folder.assetcatalog; path = Assets.xcassets; sourceTree = "<group>"; };
		87302DA7274C93D600050168 /* Base */ = {isa = PBXFileReference; lastKnownFileType = file.storyboard; name = Base; path = Base.lproj/LaunchScreen.storyboard; sourceTree = "<group>"; };
		87302DA9274C93D600050168 /* Info.plist */ = {isa = PBXFileReference; lastKnownFileType = text.plist.xml; path = Info.plist; sourceTree = "<group>"; };
		87302DB2274C94CD00050168 /* CollectionPresenter.swift */ = {isa = PBXFileReference; lastKnownFileType = sourcecode.swift; path = CollectionPresenter.swift; sourceTree = "<group>"; };
		87302DB3274C94CD00050168 /* CollectionRouter.swift */ = {isa = PBXFileReference; lastKnownFileType = sourcecode.swift; path = CollectionRouter.swift; sourceTree = "<group>"; };
		87302DB4274C94CD00050168 /* CollectionViewController.swift */ = {isa = PBXFileReference; lastKnownFileType = sourcecode.swift; path = CollectionViewController.swift; sourceTree = "<group>"; };
		87302DB5274C94CD00050168 /* CollectionInteractor.swift */ = {isa = PBXFileReference; lastKnownFileType = sourcecode.swift; path = CollectionInteractor.swift; sourceTree = "<group>"; };
		87302DB6274C94CD00050168 /* CollectionConfigurator.swift */ = {isa = PBXFileReference; lastKnownFileType = sourcecode.swift; path = CollectionConfigurator.swift; sourceTree = "<group>"; };
		87302DBD274CA65700050168 /* CollectionViewCell.swift */ = {isa = PBXFileReference; lastKnownFileType = sourcecode.swift; path = CollectionViewCell.swift; sourceTree = "<group>"; };
		87302DC3274CB02700050168 /* Section.swift */ = {isa = PBXFileReference; lastKnownFileType = sourcecode.swift; path = Section.swift; sourceTree = "<group>"; };
		87302DC5274CB0DD00050168 /* Cell.swift */ = {isa = PBXFileReference; lastKnownFileType = sourcecode.swift; path = Cell.swift; sourceTree = "<group>"; };
		8787DAB8274DF62D004DE4F8 /* UIImageView + extensions.swift */ = {isa = PBXFileReference; lastKnownFileType = sourcecode.swift; path = "UIImageView + extensions.swift"; sourceTree = "<group>"; };
		8787DABB274E0AA8004DE4F8 /* CollectionItemPresenter.swift */ = {isa = PBXFileReference; lastKnownFileType = sourcecode.swift; path = CollectionItemPresenter.swift; sourceTree = "<group>"; };
		8787DABC274E0AA8004DE4F8 /* CollectionItemRouter.swift */ = {isa = PBXFileReference; lastKnownFileType = sourcecode.swift; path = CollectionItemRouter.swift; sourceTree = "<group>"; };
		8787DABD274E0AA8004DE4F8 /* CollectionItemViewController.swift */ = {isa = PBXFileReference; lastKnownFileType = sourcecode.swift; path = CollectionItemViewController.swift; sourceTree = "<group>"; };
		8787DABE274E0AA8004DE4F8 /* CollectionItemInteractor.swift */ = {isa = PBXFileReference; lastKnownFileType = sourcecode.swift; path = CollectionItemInteractor.swift; sourceTree = "<group>"; };
		8787DABF274E0AA8004DE4F8 /* CollectionItemConfigurator.swift */ = {isa = PBXFileReference; lastKnownFileType = sourcecode.swift; path = CollectionItemConfigurator.swift; sourceTree = "<group>"; };
/* End PBXFileReference section */

/* Begin PBXFrameworksBuildPhase section */
		87302D95274C93D500050168 /* Frameworks */ = {
			isa = PBXFrameworksBuildPhase;
			buildActionMask = 2147483647;
			files = (
				8787DAB6274DF5DD004DE4F8 /* Kingfisher in Frameworks */,
				87302DC1274CA78700050168 /* SnapKit in Frameworks */,
				872BF346274CDA3E000519A4 /* Alamofire in Frameworks */,
			);
			runOnlyForDeploymentPostprocessing = 0;
		};
/* End PBXFrameworksBuildPhase section */

/* Begin PBXGroup section */
		872BF33D274CD308000519A4 /* NetworkManager */ = {
			isa = PBXGroup;
			children = (
				872BF33E274CD332000519A4 /* NetworkNewsManager.swift */,
			);
			path = NetworkManager;
			sourceTree = "<group>";
		};
		87302D8F274C93D500050168 = {
			isa = PBXGroup;
			children = (
				87302D9A274C93D500050168 /* CollectionView */,
				87302D99274C93D500050168 /* Products */,
			);
			sourceTree = "<group>";
		};
		87302D99274C93D500050168 /* Products */ = {
			isa = PBXGroup;
			children = (
				87302D98274C93D500050168 /* CollectionView.app */,
			);
			name = Products;
			sourceTree = "<group>";
		};
		87302D9A274C93D500050168 /* CollectionView */ = {
			isa = PBXGroup;
			children = (
				8787DAB7274DF608004DE4F8 /* Extensions */,
				872BF33D274CD308000519A4 /* NetworkManager */,
				87302DB0274C949D00050168 /* Modules */,
				87302DAF274C948B00050168 /* Supporting Files */,
			);
			path = CollectionView;
			sourceTree = "<group>";
		};
		87302DAF274C948B00050168 /* Supporting Files */ = {
			isa = PBXGroup;
			children = (
				87302D9B274C93D500050168 /* AppDelegate.swift */,
				87302D9D274C93D500050168 /* SceneDelegate.swift */,
				87302DA4274C93D600050168 /* Assets.xcassets */,
				87302DA6274C93D600050168 /* LaunchScreen.storyboard */,
				87302DA9274C93D600050168 /* Info.plist */,
			);
			path = "Supporting Files";
			sourceTree = "<group>";
		};
		87302DB0274C949D00050168 /* Modules */ = {
			isa = PBXGroup;
			children = (
				8787DABA274E09FB004DE4F8 /* CollectionItem */,
				87302DB1274C94B200050168 /* Collection */,
			);
			path = Modules;
			sourceTree = "<group>";
		};
		87302DB1274C94B200050168 /* Collection */ = {
			isa = PBXGroup;
			children = (
				87302DC2274CB01400050168 /* Model */,
				87302DBC274CA63B00050168 /* View */,
				87302DB4274C94CD00050168 /* CollectionViewController.swift */,
				87302DB2274C94CD00050168 /* CollectionPresenter.swift */,
				87302DB5274C94CD00050168 /* CollectionInteractor.swift */,
				87302DB3274C94CD00050168 /* CollectionRouter.swift */,
				87302DB6274C94CD00050168 /* CollectionConfigurator.swift */,
			);
			path = Collection;
			sourceTree = "<group>";
		};
		87302DBC274CA63B00050168 /* View */ = {
			isa = PBXGroup;
			children = (
				87302DBD274CA65700050168 /* CollectionViewCell.swift */,
			);
			path = View;
			sourceTree = "<group>";
		};
		87302DC2274CB01400050168 /* Model */ = {
			isa = PBXGroup;
			children = (
				87302DC3274CB02700050168 /* Section.swift */,
				872BF342274CD617000519A4 /* News.swift */,
				87302DC5274CB0DD00050168 /* Cell.swift */,
			);
			path = Model;
			sourceTree = "<group>";
		};
		8787DAB7274DF608004DE4F8 /* Extensions */ = {
			isa = PBXGroup;
			children = (
				8787DAB8274DF62D004DE4F8 /* UIImageView + extensions.swift */,
			);
			path = Extensions;
			sourceTree = "<group>";
		};
		8787DABA274E09FB004DE4F8 /* CollectionItem */ = {
			isa = PBXGroup;
			children = (
				8787DABD274E0AA8004DE4F8 /* CollectionItemViewController.swift */,
				8787DABB274E0AA8004DE4F8 /* CollectionItemPresenter.swift */,
				8787DABC274E0AA8004DE4F8 /* CollectionItemRouter.swift */,
				8787DABE274E0AA8004DE4F8 /* CollectionItemInteractor.swift */,
				8787DABF274E0AA8004DE4F8 /* CollectionItemConfigurator.swift */,
			);
			path = CollectionItem;
			sourceTree = "<group>";
		};
/* End PBXGroup section */

/* Begin PBXNativeTarget section */
		87302D97274C93D500050168 /* CollectionView */ = {
			isa = PBXNativeTarget;
			buildConfigurationList = 87302DAC274C93D600050168 /* Build configuration list for PBXNativeTarget "CollectionView" */;
			buildPhases = (
				87302D94274C93D500050168 /* Sources */,
				87302D95274C93D500050168 /* Frameworks */,
				87302D96274C93D500050168 /* Resources */,
			);
			buildRules = (
			);
			dependencies = (
			);
			name = CollectionView;
			packageProductDependencies = (
				87302DC0274CA78700050168 /* SnapKit */,
				872BF345274CDA3E000519A4 /* Alamofire */,
				8787DAB5274DF5DD004DE4F8 /* Kingfisher */,
			);
			productName = CollectionView;
			productReference = 87302D98274C93D500050168 /* CollectionView.app */;
			productType = "com.apple.product-type.application";
		};
/* End PBXNativeTarget section */

/* Begin PBXProject section */
		87302D90274C93D500050168 /* Project object */ = {
			isa = PBXProject;
			attributes = {
				BuildIndependentTargetsInParallel = 1;
				LastSwiftUpdateCheck = 1310;
				LastUpgradeCheck = 1310;
				TargetAttributes = {
					87302D97274C93D500050168 = {
						CreatedOnToolsVersion = 13.1;
					};
				};
			};
			buildConfigurationList = 87302D93274C93D500050168 /* Build configuration list for PBXProject "CollectionView" */;
			compatibilityVersion = "Xcode 13.0";
			developmentRegion = en;
			hasScannedForEncodings = 0;
			knownRegions = (
				en,
				Base,
			);
			mainGroup = 87302D8F274C93D500050168;
			packageReferences = (
				87302DBF274CA78700050168 /* XCRemoteSwiftPackageReference "SnapKit" */,
				872BF344274CDA3E000519A4 /* XCRemoteSwiftPackageReference "Alamofire" */,
				8787DAB4274DF5DD004DE4F8 /* XCRemoteSwiftPackageReference "Kingfisher" */,
			);
			productRefGroup = 87302D99274C93D500050168 /* Products */;
			projectDirPath = "";
			projectRoot = "";
			targets = (
				87302D97274C93D500050168 /* CollectionView */,
			);
		};
/* End PBXProject section */

/* Begin PBXResourcesBuildPhase section */
		87302D96274C93D500050168 /* Resources */ = {
			isa = PBXResourcesBuildPhase;
			buildActionMask = 2147483647;
			files = (
				87302DA8274C93D600050168 /* LaunchScreen.storyboard in Resources */,
				87302DA5274C93D600050168 /* Assets.xcassets in Resources */,
			);
			runOnlyForDeploymentPostprocessing = 0;
		};
/* End PBXResourcesBuildPhase section */

/* Begin PBXSourcesBuildPhase section */
		87302D94274C93D500050168 /* Sources */ = {
			isa = PBXSourcesBuildPhase;
			buildActionMask = 2147483647;
			files = (
				8787DAB9274DF62D004DE4F8 /* UIImageView + extensions.swift in Sources */,
				87302DC4274CB02700050168 /* Section.swift in Sources */,
				87302DB9274C94CD00050168 /* CollectionViewController.swift in Sources */,
				8787DAC2274E0AA8004DE4F8 /* CollectionItemViewController.swift in Sources */,
				87302DB7274C94CD00050168 /* CollectionPresenter.swift in Sources */,
				87302DBE274CA65700050168 /* CollectionViewCell.swift in Sources */,
				87302DBA274C94CD00050168 /* CollectionInteractor.swift in Sources */,
				872BF33F274CD332000519A4 /* NetworkNewsManager.swift in Sources */,
				87302D9C274C93D500050168 /* AppDelegate.swift in Sources */,
				87302DB8274C94CD00050168 /* CollectionRouter.swift in Sources */,
				8787DAC3274E0AA8004DE4F8 /* CollectionItemInteractor.swift in Sources */,
				8787DAC1274E0AA8004DE4F8 /* CollectionItemRouter.swift in Sources */,
				8787DAC0274E0AA8004DE4F8 /* CollectionItemPresenter.swift in Sources */,
				87302DC6274CB0DD00050168 /* Cell.swift in Sources */,
				87302DBB274C94CD00050168 /* CollectionConfigurator.swift in Sources */,
				872BF343274CD617000519A4 /* News.swift in Sources */,
				8787DAC4274E0AA8004DE4F8 /* CollectionItemConfigurator.swift in Sources */,
				87302D9E274C93D500050168 /* SceneDelegate.swift in Sources */,
			);
			runOnlyForDeploymentPostprocessing = 0;
		};
/* End PBXSourcesBuildPhase section */

/* Begin PBXVariantGroup section */
		87302DA6274C93D600050168 /* LaunchScreen.storyboard */ = {
			isa = PBXVariantGroup;
			children = (
				87302DA7274C93D600050168 /* Base */,
			);
			name = LaunchScreen.storyboard;
			sourceTree = "<group>";
		};
/* End PBXVariantGroup section */

/* Begin XCBuildConfiguration section */
		87302DAA274C93D600050168 /* Debug */ = {
			isa = XCBuildConfiguration;
			buildSettings = {
				ALWAYS_SEARCH_USER_PATHS = NO;
				CLANG_ANALYZER_NONNULL = YES;
				CLANG_ANALYZER_NUMBER_OBJECT_CONVERSION = YES_AGGRESSIVE;
				CLANG_CXX_LANGUAGE_STANDARD = "gnu++17";
				CLANG_CXX_LIBRARY = "libc++";
				CLANG_ENABLE_MODULES = YES;
				CLANG_ENABLE_OBJC_ARC = YES;
				CLANG_ENABLE_OBJC_WEAK = YES;
				CLANG_WARN_BLOCK_CAPTURE_AUTORELEASING = YES;
				CLANG_WARN_BOOL_CONVERSION = YES;
				CLANG_WARN_COMMA = YES;
				CLANG_WARN_CONSTANT_CONVERSION = YES;
				CLANG_WARN_DEPRECATED_OBJC_IMPLEMENTATIONS = YES;
				CLANG_WARN_DIRECT_OBJC_ISA_USAGE = YES_ERROR;
				CLANG_WARN_DOCUMENTATION_COMMENTS = YES;
				CLANG_WARN_EMPTY_BODY = YES;
				CLANG_WARN_ENUM_CONVERSION = YES;
				CLANG_WARN_INFINITE_RECURSION = YES;
				CLANG_WARN_INT_CONVERSION = YES;
				CLANG_WARN_NON_LITERAL_NULL_CONVERSION = YES;
				CLANG_WARN_OBJC_IMPLICIT_RETAIN_SELF = YES;
				CLANG_WARN_OBJC_LITERAL_CONVERSION = YES;
				CLANG_WARN_OBJC_ROOT_CLASS = YES_ERROR;
				CLANG_WARN_QUOTED_INCLUDE_IN_FRAMEWORK_HEADER = YES;
				CLANG_WARN_RANGE_LOOP_ANALYSIS = YES;
				CLANG_WARN_STRICT_PROTOTYPES = YES;
				CLANG_WARN_SUSPICIOUS_MOVE = YES;
				CLANG_WARN_UNGUARDED_AVAILABILITY = YES_AGGRESSIVE;
				CLANG_WARN_UNREACHABLE_CODE = YES;
				CLANG_WARN__DUPLICATE_METHOD_MATCH = YES;
				COPY_PHASE_STRIP = NO;
				DEBUG_INFORMATION_FORMAT = dwarf;
				ENABLE_STRICT_OBJC_MSGSEND = YES;
				ENABLE_TESTABILITY = YES;
				GCC_C_LANGUAGE_STANDARD = gnu11;
				GCC_DYNAMIC_NO_PIC = NO;
				GCC_NO_COMMON_BLOCKS = YES;
				GCC_OPTIMIZATION_LEVEL = 0;
				GCC_PREPROCESSOR_DEFINITIONS = (
					"DEBUG=1",
					"$(inherited)",
				);
				GCC_WARN_64_TO_32_BIT_CONVERSION = YES;
				GCC_WARN_ABOUT_RETURN_TYPE = YES_ERROR;
				GCC_WARN_UNDECLARED_SELECTOR = YES;
				GCC_WARN_UNINITIALIZED_AUTOS = YES_AGGRESSIVE;
				GCC_WARN_UNUSED_FUNCTION = YES;
				GCC_WARN_UNUSED_VARIABLE = YES;
				IPHONEOS_DEPLOYMENT_TARGET = 15.0;
				MTL_ENABLE_DEBUG_INFO = INCLUDE_SOURCE;
				MTL_FAST_MATH = YES;
				ONLY_ACTIVE_ARCH = YES;
				SDKROOT = iphoneos;
				SWIFT_ACTIVE_COMPILATION_CONDITIONS = DEBUG;
				SWIFT_OPTIMIZATION_LEVEL = "-Onone";
			};
			name = Debug;
		};
		87302DAB274C93D600050168 /* Release */ = {
			isa = XCBuildConfiguration;
			buildSettings = {
				ALWAYS_SEARCH_USER_PATHS = NO;
				CLANG_ANALYZER_NONNULL = YES;
				CLANG_ANALYZER_NUMBER_OBJECT_CONVERSION = YES_AGGRESSIVE;
				CLANG_CXX_LANGUAGE_STANDARD = "gnu++17";
				CLANG_CXX_LIBRARY = "libc++";
				CLANG_ENABLE_MODULES = YES;
				CLANG_ENABLE_OBJC_ARC = YES;
				CLANG_ENABLE_OBJC_WEAK = YES;
				CLANG_WARN_BLOCK_CAPTURE_AUTORELEASING = YES;
				CLANG_WARN_BOOL_CONVERSION = YES;
				CLANG_WARN_COMMA = YES;
				CLANG_WARN_CONSTANT_CONVERSION = YES;
				CLANG_WARN_DEPRECATED_OBJC_IMPLEMENTATIONS = YES;
				CLANG_WARN_DIRECT_OBJC_ISA_USAGE = YES_ERROR;
				CLANG_WARN_DOCUMENTATION_COMMENTS = YES;
				CLANG_WARN_EMPTY_BODY = YES;
				CLANG_WARN_ENUM_CONVERSION = YES;
				CLANG_WARN_INFINITE_RECURSION = YES;
				CLANG_WARN_INT_CONVERSION = YES;
				CLANG_WARN_NON_LITERAL_NULL_CONVERSION = YES;
				CLANG_WARN_OBJC_IMPLICIT_RETAIN_SELF = YES;
				CLANG_WARN_OBJC_LITERAL_CONVERSION = YES;
				CLANG_WARN_OBJC_ROOT_CLASS = YES_ERROR;
				CLANG_WARN_QUOTED_INCLUDE_IN_FRAMEWORK_HEADER = YES;
				CLANG_WARN_RANGE_LOOP_ANALYSIS = YES;
				CLANG_WARN_STRICT_PROTOTYPES = YES;
				CLANG_WARN_SUSPICIOUS_MOVE = YES;
				CLANG_WARN_UNGUARDED_AVAILABILITY = YES_AGGRESSIVE;
				CLANG_WARN_UNREACHABLE_CODE = YES;
				CLANG_WARN__DUPLICATE_METHOD_MATCH = YES;
				COPY_PHASE_STRIP = NO;
				DEBUG_INFORMATION_FORMAT = "dwarf-with-dsym";
				ENABLE_NS_ASSERTIONS = NO;
				ENABLE_STRICT_OBJC_MSGSEND = YES;
				GCC_C_LANGUAGE_STANDARD = gnu11;
				GCC_NO_COMMON_BLOCKS = YES;
				GCC_WARN_64_TO_32_BIT_CONVERSION = YES;
				GCC_WARN_ABOUT_RETURN_TYPE = YES_ERROR;
				GCC_WARN_UNDECLARED_SELECTOR = YES;
				GCC_WARN_UNINITIALIZED_AUTOS = YES_AGGRESSIVE;
				GCC_WARN_UNUSED_FUNCTION = YES;
				GCC_WARN_UNUSED_VARIABLE = YES;
				IPHONEOS_DEPLOYMENT_TARGET = 15.0;
				MTL_ENABLE_DEBUG_INFO = NO;
				MTL_FAST_MATH = YES;
				SDKROOT = iphoneos;
				SWIFT_COMPILATION_MODE = wholemodule;
				SWIFT_OPTIMIZATION_LEVEL = "-O";
				VALIDATE_PRODUCT = YES;
			};
			name = Release;
		};
		87302DAD274C93D600050168 /* Debug */ = {
			isa = XCBuildConfiguration;
			buildSettings = {
				ASSETCATALOG_COMPILER_APPICON_NAME = AppIcon;
				ASSETCATALOG_COMPILER_GLOBAL_ACCENT_COLOR_NAME = AccentColor;
				CODE_SIGN_STYLE = Automatic;
				CURRENT_PROJECT_VERSION = 1;
				DEVELOPMENT_TEAM = 22LGB8B8B3;
				GENERATE_INFOPLIST_FILE = YES;
				INFOPLIST_FILE = "CollectionView/Supporting Files/Info.plist";
				INFOPLIST_KEY_UIApplicationSupportsIndirectInputEvents = YES;
				INFOPLIST_KEY_UILaunchStoryboardName = LaunchScreen;
				INFOPLIST_KEY_UISupportedInterfaceOrientations_iPad = "UIInterfaceOrientationPortrait UIInterfaceOrientationPortraitUpsideDown UIInterfaceOrientationLandscapeLeft UIInterfaceOrientationLandscapeRight";
				INFOPLIST_KEY_UISupportedInterfaceOrientations_iPhone = "UIInterfaceOrientationPortrait UIInterfaceOrientationLandscapeLeft UIInterfaceOrientationLandscapeRight";
				LD_RUNPATH_SEARCH_PATHS = (
					"$(inherited)",
					"@executable_path/Frameworks",
				);
				MARKETING_VERSION = 1.0;
				PRODUCT_BUNDLE_IDENTIFIER = Dns.CollectionView;
				PRODUCT_NAME = "$(TARGET_NAME)";
				SWIFT_EMIT_LOC_STRINGS = YES;
				SWIFT_VERSION = 5.0;
				TARGETED_DEVICE_FAMILY = "1,2";
			};
			name = Debug;
		};
		87302DAE274C93D600050168 /* Release */ = {
			isa = XCBuildConfiguration;
			buildSettings = {
				ASSETCATALOG_COMPILER_APPICON_NAME = AppIcon;
				ASSETCATALOG_COMPILER_GLOBAL_ACCENT_COLOR_NAME = AccentColor;
				CODE_SIGN_STYLE = Automatic;
				CURRENT_PROJECT_VERSION = 1;
				DEVELOPMENT_TEAM = 22LGB8B8B3;
				GENERATE_INFOPLIST_FILE = YES;
				INFOPLIST_FILE = "CollectionView/Supporting Files/Info.plist";
				INFOPLIST_KEY_UIApplicationSupportsIndirectInputEvents = YES;
				INFOPLIST_KEY_UILaunchStoryboardName = LaunchScreen;
				INFOPLIST_KEY_UISupportedInterfaceOrientations_iPad = "UIInterfaceOrientationPortrait UIInterfaceOrientationPortraitUpsideDown UIInterfaceOrientationLandscapeLeft UIInterfaceOrientationLandscapeRight";
				INFOPLIST_KEY_UISupportedInterfaceOrientations_iPhone = "UIInterfaceOrientationPortrait UIInterfaceOrientationLandscapeLeft UIInterfaceOrientationLandscapeRight";
				LD_RUNPATH_SEARCH_PATHS = (
					"$(inherited)",
					"@executable_path/Frameworks",
				);
				MARKETING_VERSION = 1.0;
				PRODUCT_BUNDLE_IDENTIFIER = Dns.CollectionView;
				PRODUCT_NAME = "$(TARGET_NAME)";
				SWIFT_EMIT_LOC_STRINGS = YES;
				SWIFT_VERSION = 5.0;
				TARGETED_DEVICE_FAMILY = "1,2";
			};
			name = Release;
		};
/* End XCBuildConfiguration section */

/* Begin XCConfigurationList section */
		87302D93274C93D500050168 /* Build configuration list for PBXProject "CollectionView" */ = {
			isa = XCConfigurationList;
			buildConfigurations = (
				87302DAA274C93D600050168 /* Debug */,
				87302DAB274C93D600050168 /* Release */,
			);
			defaultConfigurationIsVisible = 0;
			defaultConfigurationName = Release;
		};
		87302DAC274C93D600050168 /* Build configuration list for PBXNativeTarget "CollectionView" */ = {
			isa = XCConfigurationList;
			buildConfigurations = (
				87302DAD274C93D600050168 /* Debug */,
				87302DAE274C93D600050168 /* Release */,
			);
			defaultConfigurationIsVisible = 0;
			defaultConfigurationName = Release;
		};
/* End XCConfigurationList section */

/* Begin XCRemoteSwiftPackageReference section */
		872BF344274CDA3E000519A4 /* XCRemoteSwiftPackageReference "Alamofire" */ = {
			isa = XCRemoteSwiftPackageReference;
			repositoryURL = "https://github.com/Alamofire/Alamofire.git";
			requirement = {
				kind = upToNextMajorVersion;
				minimumVersion = 5.0.0;
			};
		};
		87302DBF274CA78700050168 /* XCRemoteSwiftPackageReference "SnapKit" */ = {
			isa = XCRemoteSwiftPackageReference;
			repositoryURL = "https://github.com/SnapKit/SnapKit.git";
			requirement = {
				kind = upToNextMajorVersion;
				minimumVersion = 5.0.0;
			};
		};
		8787DAB4274DF5DD004DE4F8 /* XCRemoteSwiftPackageReference "Kingfisher" */ = {
			isa = XCRemoteSwiftPackageReference;
			repositoryURL = "https://github.com/onevcat/Kingfisher.git";
			requirement = {
				kind = upToNextMajorVersion;
				minimumVersion = 7.0.0;
			};
		};
/* End XCRemoteSwiftPackageReference section */

/* Begin XCSwiftPackageProductDependency section */
		872BF345274CDA3E000519A4 /* Alamofire */ = {
			isa = XCSwiftPackageProductDependency;
			package = 872BF344274CDA3E000519A4 /* XCRemoteSwiftPackageReference "Alamofire" */;
			productName = Alamofire;
		};
		87302DC0274CA78700050168 /* SnapKit */ = {
			isa = XCSwiftPackageProductDependency;
			package = 87302DBF274CA78700050168 /* XCRemoteSwiftPackageReference "SnapKit" */;
			productName = SnapKit;
		};
		8787DAB5274DF5DD004DE4F8 /* Kingfisher */ = {
			isa = XCSwiftPackageProductDependency;
			package = 8787DAB4274DF5DD004DE4F8 /* XCRemoteSwiftPackageReference "Kingfisher" */;
			productName = Kingfisher;
		};
/* End XCSwiftPackageProductDependency section */
	};
	rootObject = 87302D90274C93D500050168 /* Project object */;
}
